
Microsoft Visual Studio Solution File, Format Version 12.00
# Visual Studio Version 16
VisualStudioVersion = 16.0.30523.141
MinimumVisualStudioVersion = 10.0.40219.1
Project("{FAE04EC0-301F-11D3-BF4B-00C04F79EFBC}") = "ApiRest-ShoppingCart", "ApiRest-ShoppingCart\ApiRest-ShoppingCart.csproj", "{C54681B9-B257-47EB-974D-80A717EA552D}"
EndProject
Global
	GlobalSection(SolutionConfigurationPlatforms) = preSolution
		Debug|Any CPU = Debug|Any CPU
		Release|Any CPU = Release|Any CPU
	EndGlobalSection
	GlobalSection(ProjectConfigurationPlatforms) = postSolution
		{C54681B9-B257-47EB-974D-80A717EA552D}.Debug|Any CPU.ActiveCfg = Debug|Any CPU
		{C54681B9-B257-47EB-974D-80A717EA552D}.Debug|Any CPU.Build.0 = Debug|Any CPU
		{C54681B9-B257-47EB-974D-80A717EA552D}.Release|Any CPU.ActiveCfg = Release|Any CPU
		{C54681B9-B257-47EB-974D-80A717EA552D}.Release|Any CPU.Build.0 = Release|Any CPU
	EndGlobalSection
	GlobalSection(SolutionProperties) = preSolution
		HideSolutionNode = FALSE
	EndGlobalSection
	GlobalSection(ExtensibilityGlobals) = postSolution
		SolutionGuid = {34582701-AC8B-4305-88F1-75251DF0DA1B}
	EndGlobalSection
EndGlobal
